
Microsoft Visual Studio Solution File, Format Version 12.00
# Visual Studio Version 17
VisualStudioVersion = 17.14.36408.4 d17.14
MinimumVisualStudioVersion = 10.0.40219.1
Project("{FAE04EC0-301F-11D3-BF4B-00C04F79EFBC}") = "EventManagerMaui", "EventManagerMaui\EventManagerMaui.csproj", "{1099E0E7-FF72-494F-9D43-BC0E1C78D746}"
EndProject
Global
	GlobalSection(SolutionConfigurationPlatforms) = preSolution
		Debug|Any CPU = Debug|Any CPU
		Release|Any CPU = Release|Any CPU
	EndGlobalSection
	GlobalSection(ProjectConfigurationPlatforms) = postSolution
		{1099E0E7-FF72-494F-9D43-BC0E1C78D746}.Debug|Any CPU.ActiveCfg = Debug|Any CPU
		{1099E0E7-FF72-494F-9D43-BC0E1C78D746}.Debug|Any CPU.Build.0 = Debug|Any CPU
		{1099E0E7-FF72-494F-9D43-BC0E1C78D746}.Release|Any CPU.ActiveCfg = Release|Any CPU
		{1099E0E7-FF72-494F-9D43-BC0E1C78D746}.Release|Any CPU.Build.0 = Release|Any CPU
	EndGlobalSection
	GlobalSection(SolutionProperties) = preSolution
		HideSolutionNode = FALSE
	EndGlobalSection
	GlobalSection(ExtensibilityGlobals) = postSolution
		SolutionGuid = {1C63064C-243F-4769-97CA-EA2520A3A104}
	EndGlobalSection
EndGlobal
